
Microsoft Visual Studio Solution File, Format Version 12.00
# Visual Studio Version 17
VisualStudioVersion = 17.2.32616.157
MinimumVisualStudioVersion = 10.0.40219.1
Project("{FAE04EC0-301F-11D3-BF4B-00C04F79EFBC}") = "kbc.question.service", "kbc.question.service.csproj", "{CF149503-1148-441F-AA52-A7B1A67AB862}"
EndProject
Global
	GlobalSection(SolutionConfigurationPlatforms) = preSolution
		Debug|Any CPU = Debug|Any CPU
		Release|Any CPU = Release|Any CPU
	EndGlobalSection
	GlobalSection(ProjectConfigurationPlatforms) = postSolution
		{CF149503-1148-441F-AA52-A7B1A67AB862}.Debug|Any CPU.ActiveCfg = Debug|Any CPU
		{CF149503-1148-441F-AA52-A7B1A67AB862}.Debug|Any CPU.Build.0 = Debug|Any CPU
		{CF149503-1148-441F-AA52-A7B1A67AB862}.Release|Any CPU.ActiveCfg = Release|Any CPU
		{CF149503-1148-441F-AA52-A7B1A67AB862}.Release|Any CPU.Build.0 = Release|Any CPU
	EndGlobalSection
	GlobalSection(SolutionProperties) = preSolution
		HideSolutionNode = FALSE
	EndGlobalSection
	GlobalSection(ExtensibilityGlobals) = postSolution
		SolutionGuid = {7F51A0A8-BD9E-49A4-A0C7-8B49C4754462}
	EndGlobalSection
EndGlobal
